
Microsoft Visual Studio Solution File, Format Version 12.00
# Visual Studio Version 16
VisualStudioVersion = 16.0.32802.440
MinimumVisualStudioVersion = 10.0.40219.1
Project("{9A19103F-16F7-4668-BE54-9A1E7A4F7556}") = "Clase 0", "Clase 0\Clase 0.csproj", "{52761655-461E-46A8-B47B-A0BE864683C3}"
EndProject
Project("{9A19103F-16F7-4668-BE54-9A1E7A4F7556}") = "ejersicio 01", "ejersicio 01\ejersicio 01.csproj", "{F177067D-AAF4-4A5B-B1F4-46EA903D0E96}"
EndProject
Project("{9A19103F-16F7-4668-BE54-9A1E7A4F7556}") = "ejersicio 02", "ejersicio 02\ejersicio 02.csproj", "{20568673-FC73-40FD-8C21-B2DB5604F788}"
EndProject
Project("{9A19103F-16F7-4668-BE54-9A1E7A4F7556}") = "ejersicio 03", "ejersicio 03\ejersicio 03.csproj", "{BA24380F-DBEE-4A24-B28F-BFC40A9741F2}"
EndProject
Project("{9A19103F-16F7-4668-BE54-9A1E7A4F7556}") = "ejersicio 04", "ejersicio 04\ejersicio 04.csproj", "{36D4B634-DDFF-49E4-B453-43238F109965}"
EndProject
Project("{9A19103F-16F7-4668-BE54-9A1E7A4F7556}") = "ejersicio 05", "ejersicio 05\ejersicio 05.csproj", "{065E98EB-00E1-441E-8E23-836A10F4FA96}"
EndProject
Project("{9A19103F-16F7-4668-BE54-9A1E7A4F7556}") = "ejersicio 06", "ejersicio 06\ejersicio 06.csproj", "{230265F8-B769-4FD6-B982-FCF04D09B3C3}"
EndProject
Project("{9A19103F-16F7-4668-BE54-9A1E7A4F7556}") = "ejersicio 07", "ejersicio 07\ejersicio 07.csproj", "{1E7B05B8-CA89-472B-88C3-F27541E6EE43}"
EndProject
Project("{9A19103F-16F7-4668-BE54-9A1E7A4F7556}") = "ejersicio 08", "ejersicio 08\ejersicio 08.csproj", "{1C712E43-A9BC-4C4D-A6A3-140D0C4698CA}"
EndProject
Project("{9A19103F-16F7-4668-BE54-9A1E7A4F7556}") = "ejersicio 09", "ejersicio 09\ejersicio 09.csproj", "{F0516B7C-894C-4A51-9DFD-18A077712E44}"
EndProject
Project("{9A19103F-16F7-4668-BE54-9A1E7A4F7556}") = "Clase 2", "Clase 2\Clase 2.csproj", "{DA94E4D6-BE72-40B6-8154-4D637B17F722}"
EndProject
Project("{9A19103F-16F7-4668-BE54-9A1E7A4F7556}") = "ejersicio 2_1", "ejersicio 2_1\ejersicio 2_1.csproj", "{E3D29E82-C4D6-4335-9F51-BCF197BC0C82}"
EndProject
Project("{9A19103F-16F7-4668-BE54-9A1E7A4F7556}") = "ejersicio 2-2", "ejersicio 2-2\ejersicio 2-2.csproj", "{EEF929D3-CBC0-477D-A41F-17DBD6BDCF48}"
EndProject
Project("{9A19103F-16F7-4668-BE54-9A1E7A4F7556}") = "ejersicio 2-3", "ejersicio 2-3\ejersicio 2-3.csproj", "{554C01D8-62CB-4F36-8AE2-3D7E36BDEA3A}"
EndProject
Project("{9A19103F-16F7-4668-BE54-9A1E7A4F7556}") = "ejersicio Sello", "ejersicio Sello\ejersicio Sello.csproj", "{EDCBAD9A-F217-486A-8CB6-2AE4482F555B}"
EndProject
Project("{9A19103F-16F7-4668-BE54-9A1E7A4F7556}") = "ejercicio 2-4", "ejercicio 2-4\ejercicio 2-4.csproj", "{4102359E-F475-491C-86B9-339FFE537CE9}"
EndProject
Project("{9A19103F-16F7-4668-BE54-9A1E7A4F7556}") = "Ej 2_05", "Ej 2_05\Ej 2_05.csproj", "{D4AACC3D-BF3B-4D7B-B403-1DFE28FFCF19}"
EndProject
Project("{9A19103F-16F7-4668-BE54-9A1E7A4F7556}") = "EJ 2_06", "EJ 2_06\EJ 2_06.csproj", "{39BBDB56-3A55-4700-B093-F9341E2A5EA1}"
EndProject
Project("{9A19103F-16F7-4668-BE54-9A1E7A4F7556}") = "Ej 2_7", "Ej 2_7\Ej 2_7.csproj", "{DA3C3FFD-7A06-4673-A8EF-BC9B689B4AE8}"
EndProject
Project("{9A19103F-16F7-4668-BE54-9A1E7A4F7556}") = "Ej 2_08", "Ej 2_08\Ej 2_08.csproj", "{4A06A2D1-03F3-4428-953A-32E882EBB77C}"
EndProject
Project("{9A19103F-16F7-4668-BE54-9A1E7A4F7556}") = "MiBiblioteca", "MiBiblioteca\MiBiblioteca.csproj", "{6B052CE5-ACEC-49CF-AFF4-8D6DA019D46A}"
EndProject
Project("{9A19103F-16F7-4668-BE54-9A1E7A4F7556}") = "ej 3_03", "ej 3_03\ej 3_03.csproj", "{F17CC1E7-1F26-482A-BAEC-A7A7B0D83072}"
EndProject
Project("{9A19103F-16F7-4668-BE54-9A1E7A4F7556}") = "Cosa", "Cosa\Cosa.csproj", "{A7EC2928-5563-497B-B09A-CA6F2EE45417}"
EndProject
Project("{9A19103F-16F7-4668-BE54-9A1E7A4F7556}") = "Main_sobrecarga_ej", "Main_sobrecarga_ej\Main_sobrecarga_ej.csproj", "{3BE38B27-58A8-4E89-A1C7-9372D9576E72}"
EndProject
Project("{9A19103F-16F7-4668-BE54-9A1E7A4F7556}") = "Ej 2_A01", "Ej 2_A01\Ej 2_A01.csproj", "{F06FF84D-8F66-4BBC-8470-D4BBE849F0AC}"
EndProject
Project("{9A19103F-16F7-4668-BE54-9A1E7A4F7556}") = "Ej 3_04", "Ej 3_04\Ej 3_04.csproj", "{D1A0AF66-D9F1-4710-B2DF-615C1BB2AE21}"
EndProject
Project("{9A19103F-16F7-4668-BE54-9A1E7A4F7556}") = "Boligrafo", "Boligrafo\Boligrafo.csproj", "{93E5FD6E-B8CD-42EC-B11E-E952DD7853DB}"
EndProject
Project("{9A19103F-16F7-4668-BE54-9A1E7A4F7556}") = "ME VOLVI LOCO", "ME VOLVI LOCO\ME VOLVI LOCO.csproj", "{4EA9EBAF-3DD7-429C-979C-B20B38D12CB6}"
EndProject
Project("{9A19103F-16F7-4668-BE54-9A1E7A4F7556}") = "BilbioEj4_01", "BilbioEj4_01\BilbioEj4_01.csproj", "{42AB9506-C05E-4F7D-A18A-A30B578F80BE}"
EndProject
Project("{9A19103F-16F7-4668-BE54-9A1E7A4F7556}") = "Lapicera", "Lapicera\Lapicera.csproj", "{755E1186-EEDC-464F-9114-C7615BB750AF}"
EndProject
Project("{9A19103F-16F7-4668-BE54-9A1E7A4F7556}") = "FirstForm", "FirstForm\FirstForm.csproj", "{A2758992-86D4-4542-99C5-B38B98C6B5C7}"
EndProject
Project("{9A19103F-16F7-4668-BE54-9A1E7A4F7556}") = "FrmSaludo", "FrmSaludo\FrmSaludo.csproj", "{EBE6F422-EAFF-43F1-9FA8-548BA997C37C}"
EndProject
Project("{9A19103F-16F7-4668-BE54-9A1E7A4F7556}") = "FormEjercicio02", "FormEjercicio02\FormEjercicio02.csproj", "{B9B775A0-F348-45B2-92C2-9EAEA1FD26D0}"
EndProject
Project("{9A19103F-16F7-4668-BE54-9A1E7A4F7556}") = "FormEjercicio03", "FormEjercicio03\FormEjercicio03.csproj", "{2E2BD2FC-716D-441C-9577-3A14E018BC46}"
EndProject
Project("{9A19103F-16F7-4668-BE54-9A1E7A4F7556}") = "FormEjercicio04", "FormEjercicio04\FormEjercicio04.csproj", "{1E8D2358-8F71-44AB-9EA4-48D273110583}"
EndProject
Project("{9A19103F-16F7-4668-BE54-9A1E7A4F7556}") = "Ej_Tempera", "Ej_Tempera\Ej_Tempera.csproj", "{F3406E5B-209F-4E8A-9826-5BF380AB12C0}"
EndProject
Project("{9A19103F-16F7-4668-BE54-9A1E7A4F7556}") = "TestBiblioTemperaPaleta", "TestBiblioTemperaPaleta\TestBiblioTemperaPaleta.csproj", "{EC3156FB-4745-4AE5-B594-90F4FEBD837C}"
EndProject
Project("{9A19103F-16F7-4668-BE54-9A1E7A4F7556}") = "AtencionAlCliente_Ej", "AtencionAlCliente_Ej\AtencionAlCliente_Ej.csproj", "{EB2EEDA8-8042-43B0-92D5-87ADCA96E7E1}"
EndProject
Project("{9A19103F-16F7-4668-BE54-9A1E7A4F7556}") = "Ej_Registrarce_Ingresante", "Ej_Registrarce_Ingresante\Ej_Registrarce_Ingresante.csproj", "{1DA53A59-D29B-4519-A322-08F43381E0F0}"
EndProject
Project("{9A19103F-16F7-4668-BE54-9A1E7A4F7556}") = "Form_Registrarce_ej", "Form_Registrarce_ej\Form_Registrarce_ej.csproj", "{997CE681-DA1C-45FF-A4D4-816F648F8DC1}"
EndProject
Project("{9A19103F-16F7-4668-BE54-9A1E7A4F7556}") = "AlgoritmoS", "AlgoritmoS\AlgoritmoS.csproj", "{779C5EB6-B588-4C47-9321-C035375AA0CE}"
EndProject
Project("{9A19103F-16F7-4668-BE54-9A1E7A4F7556}") = "Ej_Lavadero", "Ej_Lavadero\Ej_Lavadero.csproj", "{06B53521-2CCA-4DCA-BA3D-F7EBF85BD421}"
EndProject
Project("{FAE04EC0-301F-11D3-BF4B-00C04F79EFBC}") = "EJERCICIO_INTEGRADOR_LABORATORIO_II_2020", "EJERCICIO_INTEGRADOR_LABORATORIO_II_2020\EJERCICIO_INTEGRADOR_LABORATORIO_II_2020.csproj", "{FA6A34A1-A41F-4DDD-8B0F-C6B6453D0729}"
EndProject
Project("{FAE04EC0-301F-11D3-BF4B-00C04F79EFBC}") = "test_Ej_Labo_2_Mascotas", "test_Ej_Labo_2_Mascotas\test_Ej_Labo_2_Mascotas.csproj", "{BD2FFEBA-C2C7-4784-B9D1-A7B34C62221D}"
EndProject
Global
	GlobalSection(SolutionConfigurationPlatforms) = preSolution
		Debug|Any CPU = Debug|Any CPU
		Release|Any CPU = Release|Any CPU
	EndGlobalSection
	GlobalSection(ProjectConfigurationPlatforms) = postSolution
		{52761655-461E-46A8-B47B-A0BE864683C3}.Debug|Any CPU.ActiveCfg = Debug|Any CPU
		{52761655-461E-46A8-B47B-A0BE864683C3}.Debug|Any CPU.Build.0 = Debug|Any CPU
		{52761655-461E-46A8-B47B-A0BE864683C3}.Release|Any CPU.ActiveCfg = Release|Any CPU
		{52761655-461E-46A8-B47B-A0BE864683C3}.Release|Any CPU.Build.0 = Release|Any CPU
		{F177067D-AAF4-4A5B-B1F4-46EA903D0E96}.Debug|Any CPU.ActiveCfg = Debug|Any CPU
		{F177067D-AAF4-4A5B-B1F4-46EA903D0E96}.Debug|Any CPU.Build.0 = Debug|Any CPU
		{F177067D-AAF4-4A5B-B1F4-46EA903D0E96}.Release|Any CPU.ActiveCfg = Release|Any CPU
		{F177067D-AAF4-4A5B-B1F4-46EA903D0E96}.Release|Any CPU.Build.0 = Release|Any CPU
		{20568673-FC73-40FD-8C21-B2DB5604F788}.Debug|Any CPU.ActiveCfg = Debug|Any CPU
		{20568673-FC73-40FD-8C21-B2DB5604F788}.Debug|Any CPU.Build.0 = Debug|Any CPU
		{20568673-FC73-40FD-8C21-B2DB5604F788}.Release|Any CPU.ActiveCfg = Release|Any CPU
		{20568673-FC73-40FD-8C21-B2DB5604F788}.Release|Any CPU.Build.0 = Release|Any CPU
		{BA24380F-DBEE-4A24-B28F-BFC40A9741F2}.Debug|Any CPU.ActiveCfg = Debug|Any CPU
		{BA24380F-DBEE-4A24-B28F-BFC40A9741F2}.Debug|Any CPU.Build.0 = Debug|Any CPU
		{BA24380F-DBEE-4A24-B28F-BFC40A9741F2}.Release|Any CPU.ActiveCfg = Release|Any CPU
		{BA24380F-DBEE-4A24-B28F-BFC40A9741F2}.Release|Any CPU.Build.0 = Release|Any CPU
		{36D4B634-DDFF-49E4-B453-43238F109965}.Debug|Any CPU.ActiveCfg = Debug|Any CPU
		{36D4B634-DDFF-49E4-B453-43238F109965}.Debug|Any CPU.Build.0 = Debug|Any CPU
		{36D4B634-DDFF-49E4-B453-43238F109965}.Release|Any CPU.ActiveCfg = Release|Any CPU
		{36D4B634-DDFF-49E4-B453-43238F109965}.Release|Any CPU.Build.0 = Release|Any CPU
		{065E98EB-00E1-441E-8E23-836A10F4FA96}.Debug|Any CPU.ActiveCfg = Debug|Any CPU
		{065E98EB-00E1-441E-8E23-836A10F4FA96}.Debug|Any CPU.Build.0 = Debug|Any CPU
		{065E98EB-00E1-441E-8E23-836A10F4FA96}.Release|Any CPU.ActiveCfg = Release|Any CPU
		{065E98EB-00E1-441E-8E23-836A10F4FA96}.Release|Any CPU.Build.0 = Release|Any CPU
		{230265F8-B769-4FD6-B982-FCF04D09B3C3}.Debug|Any CPU.ActiveCfg = Debug|Any CPU
		{230265F8-B769-4FD6-B982-FCF04D09B3C3}.Debug|Any CPU.Build.0 = Debug|Any CPU
		{230265F8-B769-4FD6-B982-FCF04D09B3C3}.Release|Any CPU.ActiveCfg = Release|Any CPU
		{230265F8-B769-4FD6-B982-FCF04D09B3C3}.Release|Any CPU.Build.0 = Release|Any CPU
		{1E7B05B8-CA89-472B-88C3-F27541E6EE43}.Debug|Any CPU.ActiveCfg = Debug|Any CPU
		{1E7B05B8-CA89-472B-88C3-F27541E6EE43}.Debug|Any CPU.Build.0 = Debug|Any CPU
		{1E7B05B8-CA89-472B-88C3-F27541E6EE43}.Release|Any CPU.ActiveCfg = Release|Any CPU
		{1E7B05B8-CA89-472B-88C3-F27541E6EE43}.Release|Any CPU.Build.0 = Release|Any CPU
		{1C712E43-A9BC-4C4D-A6A3-140D0C4698CA}.Debug|Any CPU.ActiveCfg = Debug|Any CPU
		{1C712E43-A9BC-4C4D-A6A3-140D0C4698CA}.Debug|Any CPU.Build.0 = Debug|Any CPU
		{1C712E43-A9BC-4C4D-A6A3-140D0C4698CA}.Release|Any CPU.ActiveCfg = Release|Any CPU
		{1C712E43-A9BC-4C4D-A6A3-140D0C4698CA}.Release|Any CPU.Build.0 = Release|Any CPU
		{F0516B7C-894C-4A51-9DFD-18A077712E44}.Debug|Any CPU.ActiveCfg = Debug|Any CPU
		{F0516B7C-894C-4A51-9DFD-18A077712E44}.Debug|Any CPU.Build.0 = Debug|Any CPU
		{F0516B7C-894C-4A51-9DFD-18A077712E44}.Release|Any CPU.ActiveCfg = Release|Any CPU
		{F0516B7C-894C-4A51-9DFD-18A077712E44}.Release|Any CPU.Build.0 = Release|Any CPU
		{DA94E4D6-BE72-40B6-8154-4D637B17F722}.Debug|Any CPU.ActiveCfg = Debug|Any CPU
		{DA94E4D6-BE72-40B6-8154-4D637B17F722}.Debug|Any CPU.Build.0 = Debug|Any CPU
		{DA94E4D6-BE72-40B6-8154-4D637B17F722}.Release|Any CPU.ActiveCfg = Release|Any CPU
		{DA94E4D6-BE72-40B6-8154-4D637B17F722}.Release|Any CPU.Build.0 = Release|Any CPU
		{E3D29E82-C4D6-4335-9F51-BCF197BC0C82}.Debug|Any CPU.ActiveCfg = Debug|Any CPU
		{E3D29E82-C4D6-4335-9F51-BCF197BC0C82}.Debug|Any CPU.Build.0 = Debug|Any CPU
		{E3D29E82-C4D6-4335-9F51-BCF197BC0C82}.Release|Any CPU.ActiveCfg = Release|Any CPU
		{E3D29E82-C4D6-4335-9F51-BCF197BC0C82}.Release|Any CPU.Build.0 = Release|Any CPU
		{EEF929D3-CBC0-477D-A41F-17DBD6BDCF48}.Debug|Any CPU.ActiveCfg = Debug|Any CPU
		{EEF929D3-CBC0-477D-A41F-17DBD6BDCF48}.Debug|Any CPU.Build.0 = Debug|Any CPU
		{EEF929D3-CBC0-477D-A41F-17DBD6BDCF48}.Release|Any CPU.ActiveCfg = Release|Any CPU
		{EEF929D3-CBC0-477D-A41F-17DBD6BDCF48}.Release|Any CPU.Build.0 = Release|Any CPU
		{554C01D8-62CB-4F36-8AE2-3D7E36BDEA3A}.Debug|Any CPU.ActiveCfg = Debug|Any CPU
		{554C01D8-62CB-4F36-8AE2-3D7E36BDEA3A}.Debug|Any CPU.Build.0 = Debug|Any CPU
		{554C01D8-62CB-4F36-8AE2-3D7E36BDEA3A}.Release|Any CPU.ActiveCfg = Release|Any CPU
		{554C01D8-62CB-4F36-8AE2-3D7E36BDEA3A}.Release|Any CPU.Build.0 = Release|Any CPU
		{EDCBAD9A-F217-486A-8CB6-2AE4482F555B}.Debug|Any CPU.ActiveCfg = Debug|Any CPU
		{EDCBAD9A-F217-486A-8CB6-2AE4482F555B}.Debug|Any CPU.Build.0 = Debug|Any CPU
		{EDCBAD9A-F217-486A-8CB6-2AE4482F555B}.Release|Any CPU.ActiveCfg = Release|Any CPU
		{EDCBAD9A-F217-486A-8CB6-2AE4482F555B}.Release|Any CPU.Build.0 = Release|Any CPU
		{4102359E-F475-491C-86B9-339FFE537CE9}.Debug|Any CPU.ActiveCfg = Debug|Any CPU
		{4102359E-F475-491C-86B9-339FFE537CE9}.Debug|Any CPU.Build.0 = Debug|Any CPU
		{4102359E-F475-491C-86B9-339FFE537CE9}.Release|Any CPU.ActiveCfg = Release|Any CPU
		{4102359E-F475-491C-86B9-339FFE537CE9}.Release|Any CPU.Build.0 = Release|Any CPU
		{D4AACC3D-BF3B-4D7B-B403-1DFE28FFCF19}.Debug|Any CPU.ActiveCfg = Debug|Any CPU
		{D4AACC3D-BF3B-4D7B-B403-1DFE28FFCF19}.Debug|Any CPU.Build.0 = Debug|Any CPU
		{D4AACC3D-BF3B-4D7B-B403-1DFE28FFCF19}.Release|Any CPU.ActiveCfg = Release|Any CPU
		{D4AACC3D-BF3B-4D7B-B403-1DFE28FFCF19}.Release|Any CPU.Build.0 = Release|Any CPU
		{39BBDB56-3A55-4700-B093-F9341E2A5EA1}.Debug|Any CPU.ActiveCfg = Debug|Any CPU
		{39BBDB56-3A55-4700-B093-F9341E2A5EA1}.Debug|Any CPU.Build.0 = Debug|Any CPU
		{39BBDB56-3A55-4700-B093-F9341E2A5EA1}.Release|Any CPU.ActiveCfg = Release|Any CPU
		{39BBDB56-3A55-4700-B093-F9341E2A5EA1}.Release|Any CPU.Build.0 = Release|Any CPU
		{DA3C3FFD-7A06-4673-A8EF-BC9B689B4AE8}.Debug|Any CPU.ActiveCfg = Debug|Any CPU
		{DA3C3FFD-7A06-4673-A8EF-BC9B689B4AE8}.Debug|Any CPU.Build.0 = Debug|Any CPU
		{DA3C3FFD-7A06-4673-A8EF-BC9B689B4AE8}.Release|Any CPU.ActiveCfg = Release|Any CPU
		{DA3C3FFD-7A06-4673-A8EF-BC9B689B4AE8}.Release|Any CPU.Build.0 = Release|Any CPU
		{4A06A2D1-03F3-4428-953A-32E882EBB77C}.Debug|Any CPU.ActiveCfg = Debug|Any CPU
		{4A06A2D1-03F3-4428-953A-32E882EBB77C}.Debug|Any CPU.Build.0 = Debug|Any CPU
		{4A06A2D1-03F3-4428-953A-32E882EBB77C}.Release|Any CPU.ActiveCfg = Release|Any CPU
		{4A06A2D1-03F3-4428-953A-32E882EBB77C}.Release|Any CPU.Build.0 = Release|Any CPU
		{6B052CE5-ACEC-49CF-AFF4-8D6DA019D46A}.Debug|Any CPU.ActiveCfg = Debug|Any CPU
		{6B052CE5-ACEC-49CF-AFF4-8D6DA019D46A}.Debug|Any CPU.Build.0 = Debug|Any CPU
		{6B052CE5-ACEC-49CF-AFF4-8D6DA019D46A}.Release|Any CPU.ActiveCfg = Release|Any CPU
		{6B052CE5-ACEC-49CF-AFF4-8D6DA019D46A}.Release|Any CPU.Build.0 = Release|Any CPU
		{F17CC1E7-1F26-482A-BAEC-A7A7B0D83072}.Debug|Any CPU.ActiveCfg = Debug|Any CPU
		{F17CC1E7-1F26-482A-BAEC-A7A7B0D83072}.Debug|Any CPU.Build.0 = Debug|Any CPU
		{F17CC1E7-1F26-482A-BAEC-A7A7B0D83072}.Release|Any CPU.ActiveCfg = Release|Any CPU
		{F17CC1E7-1F26-482A-BAEC-A7A7B0D83072}.Release|Any CPU.Build.0 = Release|Any CPU
		{A7EC2928-5563-497B-B09A-CA6F2EE45417}.Debug|Any CPU.ActiveCfg = Debug|Any CPU
		{A7EC2928-5563-497B-B09A-CA6F2EE45417}.Debug|Any CPU.Build.0 = Debug|Any CPU
		{A7EC2928-5563-497B-B09A-CA6F2EE45417}.Release|Any CPU.ActiveCfg = Release|Any CPU
		{A7EC2928-5563-497B-B09A-CA6F2EE45417}.Release|Any CPU.Build.0 = Release|Any CPU
		{3BE38B27-58A8-4E89-A1C7-9372D9576E72}.Debug|Any CPU.ActiveCfg = Debug|Any CPU
		{3BE38B27-58A8-4E89-A1C7-9372D9576E72}.Debug|Any CPU.Build.0 = Debug|Any CPU
		{3BE38B27-58A8-4E89-A1C7-9372D9576E72}.Release|Any CPU.ActiveCfg = Release|Any CPU
		{3BE38B27-58A8-4E89-A1C7-9372D9576E72}.Release|Any CPU.Build.0 = Release|Any CPU
		{F06FF84D-8F66-4BBC-8470-D4BBE849F0AC}.Debug|Any CPU.ActiveCfg = Debug|Any CPU
		{F06FF84D-8F66-4BBC-8470-D4BBE849F0AC}.Debug|Any CPU.Build.0 = Debug|Any CPU
		{F06FF84D-8F66-4BBC-8470-D4BBE849F0AC}.Release|Any CPU.ActiveCfg = Release|Any CPU
		{F06FF84D-8F66-4BBC-8470-D4BBE849F0AC}.Release|Any CPU.Build.0 = Release|Any CPU
		{D1A0AF66-D9F1-4710-B2DF-615C1BB2AE21}.Debug|Any CPU.ActiveCfg = Debug|Any CPU
		{D1A0AF66-D9F1-4710-B2DF-615C1BB2AE21}.Debug|Any CPU.Build.0 = Debug|Any CPU
		{D1A0AF66-D9F1-4710-B2DF-615C1BB2AE21}.Release|Any CPU.ActiveCfg = Release|Any CPU
		{D1A0AF66-D9F1-4710-B2DF-615C1BB2AE21}.Release|Any CPU.Build.0 = Release|Any CPU
		{93E5FD6E-B8CD-42EC-B11E-E952DD7853DB}.Debug|Any CPU.ActiveCfg = Debug|Any CPU
		{93E5FD6E-B8CD-42EC-B11E-E952DD7853DB}.Debug|Any CPU.Build.0 = Debug|Any CPU
		{93E5FD6E-B8CD-42EC-B11E-E952DD7853DB}.Release|Any CPU.ActiveCfg = Release|Any CPU
		{93E5FD6E-B8CD-42EC-B11E-E952DD7853DB}.Release|Any CPU.Build.0 = Release|Any CPU
		{4EA9EBAF-3DD7-429C-979C-B20B38D12CB6}.Debug|Any CPU.ActiveCfg = Debug|Any CPU
		{4EA9EBAF-3DD7-429C-979C-B20B38D12CB6}.Debug|Any CPU.Build.0 = Debug|Any CPU
		{4EA9EBAF-3DD7-429C-979C-B20B38D12CB6}.Release|Any CPU.ActiveCfg = Release|Any CPU
		{4EA9EBAF-3DD7-429C-979C-B20B38D12CB6}.Release|Any CPU.Build.0 = Release|Any CPU
		{42AB9506-C05E-4F7D-A18A-A30B578F80BE}.Debug|Any CPU.ActiveCfg = Debug|Any CPU
		{42AB9506-C05E-4F7D-A18A-A30B578F80BE}.Debug|Any CPU.Build.0 = Debug|Any CPU
		{42AB9506-C05E-4F7D-A18A-A30B578F80BE}.Release|Any CPU.ActiveCfg = Release|Any CPU
		{42AB9506-C05E-4F7D-A18A-A30B578F80BE}.Release|Any CPU.Build.0 = Release|Any CPU
		{755E1186-EEDC-464F-9114-C7615BB750AF}.Debug|Any CPU.ActiveCfg = Debug|Any CPU
		{755E1186-EEDC-464F-9114-C7615BB750AF}.Debug|Any CPU.Build.0 = Debug|Any CPU
		{755E1186-EEDC-464F-9114-C7615BB750AF}.Release|Any CPU.ActiveCfg = Release|Any CPU
		{755E1186-EEDC-464F-9114-C7615BB750AF}.Release|Any CPU.Build.0 = Release|Any CPU
		{A2758992-86D4-4542-99C5-B38B98C6B5C7}.Debug|Any CPU.ActiveCfg = Debug|Any CPU
		{A2758992-86D4-4542-99C5-B38B98C6B5C7}.Debug|Any CPU.Build.0 = Debug|Any CPU
		{A2758992-86D4-4542-99C5-B38B98C6B5C7}.Release|Any CPU.ActiveCfg = Release|Any CPU
		{A2758992-86D4-4542-99C5-B38B98C6B5C7}.Release|Any CPU.Build.0 = Release|Any CPU
		{EBE6F422-EAFF-43F1-9FA8-548BA997C37C}.Debug|Any CPU.ActiveCfg = Debug|Any CPU
		{EBE6F422-EAFF-43F1-9FA8-548BA997C37C}.Debug|Any CPU.Build.0 = Debug|Any CPU
		{EBE6F422-EAFF-43F1-9FA8-548BA997C37C}.Release|Any CPU.ActiveCfg = Release|Any CPU
		{EBE6F422-EAFF-43F1-9FA8-548BA997C37C}.Release|Any CPU.Build.0 = Release|Any CPU
		{B9B775A0-F348-45B2-92C2-9EAEA1FD26D0}.Debug|Any CPU.ActiveCfg = Debug|Any CPU
		{B9B775A0-F348-45B2-92C2-9EAEA1FD26D0}.Debug|Any CPU.Build.0 = Debug|Any CPU
		{B9B775A0-F348-45B2-92C2-9EAEA1FD26D0}.Release|Any CPU.ActiveCfg = Release|Any CPU
		{B9B775A0-F348-45B2-92C2-9EAEA1FD26D0}.Release|Any CPU.Build.0 = Release|Any CPU
		{2E2BD2FC-716D-441C-9577-3A14E018BC46}.Debug|Any CPU.ActiveCfg = Debug|Any CPU
		{2E2BD2FC-716D-441C-9577-3A14E018BC46}.Debug|Any CPU.Build.0 = Debug|Any CPU
		{2E2BD2FC-716D-441C-9577-3A14E018BC46}.Release|Any CPU.ActiveCfg = Release|Any CPU
		{2E2BD2FC-716D-441C-9577-3A14E018BC46}.Release|Any CPU.Build.0 = Release|Any CPU
		{1E8D2358-8F71-44AB-9EA4-48D273110583}.Debug|Any CPU.ActiveCfg = Debug|Any CPU
		{1E8D2358-8F71-44AB-9EA4-48D273110583}.Debug|Any CPU.Build.0 = Debug|Any CPU
		{1E8D2358-8F71-44AB-9EA4-48D273110583}.Release|Any CPU.ActiveCfg = Release|Any CPU
		{1E8D2358-8F71-44AB-9EA4-48D273110583}.Release|Any CPU.Build.0 = Release|Any CPU
		{F3406E5B-209F-4E8A-9826-5BF380AB12C0}.Debug|Any CPU.ActiveCfg = Debug|Any CPU
		{F3406E5B-209F-4E8A-9826-5BF380AB12C0}.Debug|Any CPU.Build.0 = Debug|Any CPU
		{F3406E5B-209F-4E8A-9826-5BF380AB12C0}.Release|Any CPU.ActiveCfg = Release|Any CPU
		{F3406E5B-209F-4E8A-9826-5BF380AB12C0}.Release|Any CPU.Build.0 = Release|Any CPU
		{EC3156FB-4745-4AE5-B594-90F4FEBD837C}.Debug|Any CPU.ActiveCfg = Debug|Any CPU
		{EC3156FB-4745-4AE5-B594-90F4FEBD837C}.Debug|Any CPU.Build.0 = Debug|Any CPU
		{EC3156FB-4745-4AE5-B594-90F4FEBD837C}.Release|Any CPU.ActiveCfg = Release|Any CPU
		{EC3156FB-4745-4AE5-B594-90F4FEBD837C}.Release|Any CPU.Build.0 = Release|Any CPU
		{EB2EEDA8-8042-43B0-92D5-87ADCA96E7E1}.Debug|Any CPU.ActiveCfg = Debug|Any CPU
		{EB2EEDA8-8042-43B0-92D5-87ADCA96E7E1}.Debug|Any CPU.Build.0 = Debug|Any CPU
		{EB2EEDA8-8042-43B0-92D5-87ADCA96E7E1}.Release|Any CPU.ActiveCfg = Release|Any CPU
		{EB2EEDA8-8042-43B0-92D5-87ADCA96E7E1}.Release|Any CPU.Build.0 = Release|Any CPU
		{1DA53A59-D29B-4519-A322-08F43381E0F0}.Debug|Any CPU.ActiveCfg = Debug|Any CPU
		{1DA53A59-D29B-4519-A322-08F43381E0F0}.Debug|Any CPU.Build.0 = Debug|Any CPU
		{1DA53A59-D29B-4519-A322-08F43381E0F0}.Release|Any CPU.ActiveCfg = Release|Any CPU
		{1DA53A59-D29B-4519-A322-08F43381E0F0}.Release|Any CPU.Build.0 = Release|Any CPU
		{997CE681-DA1C-45FF-A4D4-816F648F8DC1}.Debug|Any CPU.ActiveCfg = Debug|Any CPU
		{997CE681-DA1C-45FF-A4D4-816F648F8DC1}.Debug|Any CPU.Build.0 = Debug|Any CPU
		{997CE681-DA1C-45FF-A4D4-816F648F8DC1}.Release|Any CPU.ActiveCfg = Release|Any CPU
		{997CE681-DA1C-45FF-A4D4-816F648F8DC1}.Release|Any CPU.Build.0 = Release|Any CPU
		{779C5EB6-B588-4C47-9321-C035375AA0CE}.Debug|Any CPU.ActiveCfg = Debug|Any CPU
		{779C5EB6-B588-4C47-9321-C035375AA0CE}.Debug|Any CPU.Build.0 = Debug|Any CPU
		{779C5EB6-B588-4C47-9321-C035375AA0CE}.Release|Any CPU.ActiveCfg = Release|Any CPU
		{779C5EB6-B588-4C47-9321-C035375AA0CE}.Release|Any CPU.Build.0 = Release|Any CPU
		{06B53521-2CCA-4DCA-BA3D-F7EBF85BD421}.Debug|Any CPU.ActiveCfg = Debug|Any CPU
		{06B53521-2CCA-4DCA-BA3D-F7EBF85BD421}.Debug|Any CPU.Build.0 = Debug|Any CPU
		{06B53521-2CCA-4DCA-BA3D-F7EBF85BD421}.Release|Any CPU.ActiveCfg = Release|Any CPU
		{06B53521-2CCA-4DCA-BA3D-F7EBF85BD421}.Release|Any CPU.Build.0 = Release|Any CPU
		{FA6A34A1-A41F-4DDD-8B0F-C6B6453D0729}.Debug|Any CPU.ActiveCfg = Debug|Any CPU
		{FA6A34A1-A41F-4DDD-8B0F-C6B6453D0729}.Debug|Any CPU.Build.0 = Debug|Any CPU
		{FA6A34A1-A41F-4DDD-8B0F-C6B6453D0729}.Release|Any CPU.ActiveCfg = Release|Any CPU
		{FA6A34A1-A41F-4DDD-8B0F-C6B6453D0729}.Release|Any CPU.Build.0 = Release|Any CPU
		{BD2FFEBA-C2C7-4784-B9D1-A7B34C62221D}.Debug|Any CPU.ActiveCfg = Debug|Any CPU
		{BD2FFEBA-C2C7-4784-B9D1-A7B34C62221D}.Debug|Any CPU.Build.0 = Debug|Any CPU
		{BD2FFEBA-C2C7-4784-B9D1-A7B34C62221D}.Release|Any CPU.ActiveCfg = Release|Any CPU
		{BD2FFEBA-C2C7-4784-B9D1-A7B34C62221D}.Release|Any CPU.Build.0 = Release|Any CPU
	EndGlobalSection
	GlobalSection(SolutionProperties) = preSolution
		HideSolutionNode = FALSE
	EndGlobalSection
	GlobalSection(ExtensibilityGlobals) = postSolution
		SolutionGuid = {2974EBC6-692B-4BAC-9138-DCED9B412A14}
	EndGlobalSection
EndGlobal
